
Microsoft Visual Studio Solution File, Format Version 12.00
# Visual Studio Version 17
VisualStudioVersion = 17.3.32929.385
MinimumVisualStudioVersion = 10.0.40219.1
Project("{FAE04EC0-301F-11D3-BF4B-00C04F79EFBC}") = "infnet-bl6-fdC-tp3", "infnet-bl6-fdC-tp3\infnet-bl6-fdC-tp3.csproj", "{0685F991-E965-4BA8-B3D7-D457C72C0BC3}"
EndProject
Project("{FAE04EC0-301F-11D3-BF4B-00C04F79EFBC}") = "PessoaAniversario", "PessoaAniversario\PessoaAniversario.csproj", "{5B898BDD-4796-4C62-A495-1F463279A87C}"
EndProject
Project("{FAE04EC0-301F-11D3-BF4B-00C04F79EFBC}") = "Funcoes", "Funcoes\Funcoes.csproj", "{FF64EF60-5AF3-48EC-A6AF-154EA9BBBA85}"
EndProject
Global
	GlobalSection(SolutionConfigurationPlatforms) = preSolution
		Debug|Any CPU = Debug|Any CPU
		Release|Any CPU = Release|Any CPU
	EndGlobalSection
	GlobalSection(ProjectConfigurationPlatforms) = postSolution
		{0685F991-E965-4BA8-B3D7-D457C72C0BC3}.Debug|Any CPU.ActiveCfg = Debug|Any CPU
		{0685F991-E965-4BA8-B3D7-D457C72C0BC3}.Debug|Any CPU.Build.0 = Debug|Any CPU
		{0685F991-E965-4BA8-B3D7-D457C72C0BC3}.Release|Any CPU.ActiveCfg = Release|Any CPU
		{0685F991-E965-4BA8-B3D7-D457C72C0BC3}.Release|Any CPU.Build.0 = Release|Any CPU
		{5B898BDD-4796-4C62-A495-1F463279A87C}.Debug|Any CPU.ActiveCfg = Debug|Any CPU
		{5B898BDD-4796-4C62-A495-1F463279A87C}.Debug|Any CPU.Build.0 = Debug|Any CPU
		{5B898BDD-4796-4C62-A495-1F463279A87C}.Release|Any CPU.ActiveCfg = Release|Any CPU
		{5B898BDD-4796-4C62-A495-1F463279A87C}.Release|Any CPU.Build.0 = Release|Any CPU
		{FF64EF60-5AF3-48EC-A6AF-154EA9BBBA85}.Debug|Any CPU.ActiveCfg = Debug|Any CPU
		{FF64EF60-5AF3-48EC-A6AF-154EA9BBBA85}.Debug|Any CPU.Build.0 = Debug|Any CPU
		{FF64EF60-5AF3-48EC-A6AF-154EA9BBBA85}.Release|Any CPU.ActiveCfg = Release|Any CPU
		{FF64EF60-5AF3-48EC-A6AF-154EA9BBBA85}.Release|Any CPU.Build.0 = Release|Any CPU
	EndGlobalSection
	GlobalSection(SolutionProperties) = preSolution
		HideSolutionNode = FALSE
	EndGlobalSection
	GlobalSection(ExtensibilityGlobals) = postSolution
		SolutionGuid = {CF4F958D-04D0-457D-85ED-B3960E6A3C09}
	EndGlobalSection
EndGlobal
